
Microsoft Visual Studio Solution File, Format Version 12.00
# Visual Studio 2017
Project("{FAE04EC0-301F-11D3-BF4B-00C04F79EFBC}") = "SoftwareEngineeringGame", "SoftwareEngineeringGame.csproj", "{1AEB85C8-F8BE-58D4-0189-6558D37C376E}"
EndProject
Project("{FAE04EC0-301F-11D3-BF4B-00C04F79EFBC}") = "SoftwareEngineeringGame.Editor", "SoftwareEngineeringGame.Editor.csproj", "{BC27E5C9-DD51-7BDD-182C-6D7272A62F31}"
EndProject
Global
	GlobalSection(SolutionConfigurationPlatforms) = preSolution
		Debug|Any CPU = Debug|Any CPU
		Release|Any CPU = Release|Any CPU
	EndGlobalSection
	GlobalSection(ProjectConfigurationPlatforms) = postSolution
		{1AEB85C8-F8BE-58D4-0189-6558D37C376E}.Debug|Any CPU.ActiveCfg = Debug|Any CPU
		{1AEB85C8-F8BE-58D4-0189-6558D37C376E}.Debug|Any CPU.Build.0 = Debug|Any CPU
		{1AEB85C8-F8BE-58D4-0189-6558D37C376E}.Release|Any CPU.ActiveCfg = Release|Any CPU
		{1AEB85C8-F8BE-58D4-0189-6558D37C376E}.Release|Any CPU.Build.0 = Release|Any CPU
		{BC27E5C9-DD51-7BDD-182C-6D7272A62F31}.Debug|Any CPU.ActiveCfg = Debug|Any CPU
		{BC27E5C9-DD51-7BDD-182C-6D7272A62F31}.Debug|Any CPU.Build.0 = Debug|Any CPU
		{BC27E5C9-DD51-7BDD-182C-6D7272A62F31}.Release|Any CPU.ActiveCfg = Release|Any CPU
		{BC27E5C9-DD51-7BDD-182C-6D7272A62F31}.Release|Any CPU.Build.0 = Release|Any CPU
	EndGlobalSection
	GlobalSection(SolutionProperties) = preSolution
		HideSolutionNode = FALSE
	EndGlobalSection
EndGlobal
